
Microsoft Visual Studio Solution File, Format Version 12.00
# Visual Studio 15
Project("{FAE04EC0-301F-11D3-BF4B-00C04F79EFBC}") = "Assembly-CSharp-firstpass", "Assembly-CSharp-firstpass.csproj", "{043A6E5F-90E9-D8A0-BDA6-1A300D8D3D5B}"
EndProject
Project("{FAE04EC0-301F-11D3-BF4B-00C04F79EFBC}") = "Assembly-CSharp-Editor", "Assembly-CSharp-Editor.csproj", "{8A48F5F3-0976-1D55-BF34-AE918B53BC3A}"
EndProject
Project("{FAE04EC0-301F-11D3-BF4B-00C04F79EFBC}") = "Assembly-CSharp", "Assembly-CSharp.csproj", "{1FEAF0F0-8982-72B1-B750-4E442AD88BC2}"
EndProject
Project("{FAE04EC0-301F-11D3-BF4B-00C04F79EFBC}") = "CFXREditor", "CFXREditor.csproj", "{327BA10D-CC3D-300D-1ED0-2738924E5FE5}"
EndProject
Project("{FAE04EC0-301F-11D3-BF4B-00C04F79EFBC}") = "CFXRRuntime", "CFXRRuntime.csproj", "{7BB650C0-33DC-2116-FAC1-BC262B571CD7}"
EndProject
Project("{FAE04EC0-301F-11D3-BF4B-00C04F79EFBC}") = "Assembly-CSharp-Editor-firstpass", "Assembly-CSharp-Editor-firstpass.csproj", "{7D425DD0-B853-3DC3-764C-9E2E2C330E2C}"
EndProject
Project("{FAE04EC0-301F-11D3-BF4B-00C04F79EFBC}") = "CFXRDemo", "CFXRDemo.csproj", "{70B94696-835C-A68D-2B76-429AADAED2A0}"
EndProject
Project("{FAE04EC0-301F-11D3-BF4B-00C04F79EFBC}") = "KinoBloom.Runtime", "KinoBloom.Runtime.csproj", "{E59B9A27-3EAD-F287-1563-4F44EE6CE7E8}"
EndProject
Project("{FAE04EC0-301F-11D3-BF4B-00C04F79EFBC}") = "ToonyColorsPro.Demo.Editor", "ToonyColorsPro.Demo.Editor.csproj", "{770DA6FE-908C-7E5B-1B28-247E565694B8}"
EndProject
Global
	GlobalSection(SolutionConfigurationPlatforms) = preSolution
		Debug|Any CPU = Debug|Any CPU
		Release|Any CPU = Release|Any CPU
	EndGlobalSection
	GlobalSection(ProjectConfigurationPlatforms) = postSolution
		{043A6E5F-90E9-D8A0-BDA6-1A300D8D3D5B}.Debug|Any CPU.ActiveCfg = Debug|Any CPU
		{043A6E5F-90E9-D8A0-BDA6-1A300D8D3D5B}.Debug|Any CPU.Build.0 = Debug|Any CPU
		{043A6E5F-90E9-D8A0-BDA6-1A300D8D3D5B}.Release|Any CPU.ActiveCfg = Release|Any CPU
		{043A6E5F-90E9-D8A0-BDA6-1A300D8D3D5B}.Release|Any CPU.Build.0 = Release|Any CPU
		{8A48F5F3-0976-1D55-BF34-AE918B53BC3A}.Debug|Any CPU.ActiveCfg = Debug|Any CPU
		{8A48F5F3-0976-1D55-BF34-AE918B53BC3A}.Debug|Any CPU.Build.0 = Debug|Any CPU
		{8A48F5F3-0976-1D55-BF34-AE918B53BC3A}.Release|Any CPU.ActiveCfg = Release|Any CPU
		{8A48F5F3-0976-1D55-BF34-AE918B53BC3A}.Release|Any CPU.Build.0 = Release|Any CPU
		{1FEAF0F0-8982-72B1-B750-4E442AD88BC2}.Debug|Any CPU.ActiveCfg = Debug|Any CPU
		{1FEAF0F0-8982-72B1-B750-4E442AD88BC2}.Debug|Any CPU.Build.0 = Debug|Any CPU
		{1FEAF0F0-8982-72B1-B750-4E442AD88BC2}.Release|Any CPU.ActiveCfg = Release|Any CPU
		{1FEAF0F0-8982-72B1-B750-4E442AD88BC2}.Release|Any CPU.Build.0 = Release|Any CPU
		{327BA10D-CC3D-300D-1ED0-2738924E5FE5}.Debug|Any CPU.ActiveCfg = Debug|Any CPU
		{327BA10D-CC3D-300D-1ED0-2738924E5FE5}.Debug|Any CPU.Build.0 = Debug|Any CPU
		{327BA10D-CC3D-300D-1ED0-2738924E5FE5}.Release|Any CPU.ActiveCfg = Release|Any CPU
		{327BA10D-CC3D-300D-1ED0-2738924E5FE5}.Release|Any CPU.Build.0 = Release|Any CPU
		{7BB650C0-33DC-2116-FAC1-BC262B571CD7}.Debug|Any CPU.ActiveCfg = Debug|Any CPU
		{7BB650C0-33DC-2116-FAC1-BC262B571CD7}.Debug|Any CPU.Build.0 = Debug|Any CPU
		{7BB650C0-33DC-2116-FAC1-BC262B571CD7}.Release|Any CPU.ActiveCfg = Release|Any CPU
		{7BB650C0-33DC-2116-FAC1-BC262B571CD7}.Release|Any CPU.Build.0 = Release|Any CPU
		{7D425DD0-B853-3DC3-764C-9E2E2C330E2C}.Debug|Any CPU.ActiveCfg = Debug|Any CPU
		{7D425DD0-B853-3DC3-764C-9E2E2C330E2C}.Debug|Any CPU.Build.0 = Debug|Any CPU
		{7D425DD0-B853-3DC3-764C-9E2E2C330E2C}.Release|Any CPU.ActiveCfg = Release|Any CPU
		{7D425DD0-B853-3DC3-764C-9E2E2C330E2C}.Release|Any CPU.Build.0 = Release|Any CPU
		{70B94696-835C-A68D-2B76-429AADAED2A0}.Debug|Any CPU.ActiveCfg = Debug|Any CPU
		{70B94696-835C-A68D-2B76-429AADAED2A0}.Debug|Any CPU.Build.0 = Debug|Any CPU
		{70B94696-835C-A68D-2B76-429AADAED2A0}.Release|Any CPU.ActiveCfg = Release|Any CPU
		{70B94696-835C-A68D-2B76-429AADAED2A0}.Release|Any CPU.Build.0 = Release|Any CPU
		{E59B9A27-3EAD-F287-1563-4F44EE6CE7E8}.Debug|Any CPU.ActiveCfg = Debug|Any CPU
		{E59B9A27-3EAD-F287-1563-4F44EE6CE7E8}.Debug|Any CPU.Build.0 = Debug|Any CPU
		{E59B9A27-3EAD-F287-1563-4F44EE6CE7E8}.Release|Any CPU.ActiveCfg = Release|Any CPU
		{E59B9A27-3EAD-F287-1563-4F44EE6CE7E8}.Release|Any CPU.Build.0 = Release|Any CPU
		{770DA6FE-908C-7E5B-1B28-247E565694B8}.Debug|Any CPU.ActiveCfg = Debug|Any CPU
		{770DA6FE-908C-7E5B-1B28-247E565694B8}.Debug|Any CPU.Build.0 = Debug|Any CPU
		{770DA6FE-908C-7E5B-1B28-247E565694B8}.Release|Any CPU.ActiveCfg = Release|Any CPU
		{770DA6FE-908C-7E5B-1B28-247E565694B8}.Release|Any CPU.Build.0 = Release|Any CPU
	EndGlobalSection
	GlobalSection(SolutionProperties) = preSolution
		HideSolutionNode = FALSE
	EndGlobalSection
EndGlobal
